
Microsoft Visual Studio Solution File, Format Version 12.00
# Visual Studio 15
VisualStudioVersion = 15.0.28307.271
MinimumVisualStudioVersion = 10.0.40219.1
Project("{9A19103F-16F7-4668-BE54-9A1E7A4F7556}") = "GeometryLib", "GeometryLib\GeometryLib.csproj", "{75C43F0C-65BD-415C-B1AA-51A6B2A70B78}"
EndProject
Global
	GlobalSection(SolutionConfigurationPlatforms) = preSolution
		Debug|Any CPU = Debug|Any CPU
		Release|Any CPU = Release|Any CPU
	EndGlobalSection
	GlobalSection(ProjectConfigurationPlatforms) = postSolution
		{75C43F0C-65BD-415C-B1AA-51A6B2A70B78}.Debug|Any CPU.ActiveCfg = Debug|Any CPU
		{75C43F0C-65BD-415C-B1AA-51A6B2A70B78}.Debug|Any CPU.Build.0 = Debug|Any CPU
		{75C43F0C-65BD-415C-B1AA-51A6B2A70B78}.Release|Any CPU.ActiveCfg = Release|Any CPU
		{75C43F0C-65BD-415C-B1AA-51A6B2A70B78}.Release|Any CPU.Build.0 = Release|Any CPU
	EndGlobalSection
	GlobalSection(SolutionProperties) = preSolution
		HideSolutionNode = FALSE
	EndGlobalSection
	GlobalSection(ExtensibilityGlobals) = postSolution
		SolutionGuid = {69D25FEA-2A7C-4A40-8483-8187E06C5D06}
	EndGlobalSection
EndGlobal
